
Microsoft Visual Studio Solution File, Format Version 12.00
# Visual Studio 15
VisualStudioVersion = 15.0.28010.2046
MinimumVisualStudioVersion = 10.0.40219.1
Project("{FAE04EC0-301F-11D3-BF4B-00C04F79EFBC}") = "Lesson1-1", "Lesson1\Lesson1-1\Lesson1-1.csproj", "{16736941-34AB-4349-88B3-89C7481ECF28}"
EndProject
Project("{FAE04EC0-301F-11D3-BF4B-00C04F79EFBC}") = "Lesson2-2", "Lesson2\Lesson2-2\Lesson2-2.csproj", "{C8C426B6-4A31-45A0-BE9D-21E63155B48B}"
EndProject
Project("{FAE04EC0-301F-11D3-BF4B-00C04F79EFBC}") = "Lesson1-2(SplashScreen)", "Lesson1\Lesson1-2(SplashScreen)\Lesson1-2(SplashScreen).csproj", "{C796D58F-F9DB-4A64-90F2-7208762BE2DD}"
EndProject
Project("{FAE04EC0-301F-11D3-BF4B-00C04F79EFBC}") = "Lesson2-1", "Lesson2\Lesson2-1\Lesson2-1.csproj", "{B1F4E1C8-ABE2-4EB1-ACEB-912900A23E75}"
EndProject
Global
	GlobalSection(SolutionConfigurationPlatforms) = preSolution
		Debug|Any CPU = Debug|Any CPU
		Release|Any CPU = Release|Any CPU
	EndGlobalSection
	GlobalSection(ProjectConfigurationPlatforms) = postSolution
		{16736941-34AB-4349-88B3-89C7481ECF28}.Debug|Any CPU.ActiveCfg = Debug|Any CPU
		{16736941-34AB-4349-88B3-89C7481ECF28}.Debug|Any CPU.Build.0 = Debug|Any CPU
		{16736941-34AB-4349-88B3-89C7481ECF28}.Release|Any CPU.ActiveCfg = Release|Any CPU
		{16736941-34AB-4349-88B3-89C7481ECF28}.Release|Any CPU.Build.0 = Release|Any CPU
		{C8C426B6-4A31-45A0-BE9D-21E63155B48B}.Debug|Any CPU.ActiveCfg = Debug|Any CPU
		{C8C426B6-4A31-45A0-BE9D-21E63155B48B}.Debug|Any CPU.Build.0 = Debug|Any CPU
		{C8C426B6-4A31-45A0-BE9D-21E63155B48B}.Release|Any CPU.ActiveCfg = Release|Any CPU
		{C8C426B6-4A31-45A0-BE9D-21E63155B48B}.Release|Any CPU.Build.0 = Release|Any CPU
		{C796D58F-F9DB-4A64-90F2-7208762BE2DD}.Debug|Any CPU.ActiveCfg = Debug|Any CPU
		{C796D58F-F9DB-4A64-90F2-7208762BE2DD}.Debug|Any CPU.Build.0 = Debug|Any CPU
		{C796D58F-F9DB-4A64-90F2-7208762BE2DD}.Release|Any CPU.ActiveCfg = Release|Any CPU
		{C796D58F-F9DB-4A64-90F2-7208762BE2DD}.Release|Any CPU.Build.0 = Release|Any CPU
		{B1F4E1C8-ABE2-4EB1-ACEB-912900A23E75}.Debug|Any CPU.ActiveCfg = Debug|Any CPU
		{B1F4E1C8-ABE2-4EB1-ACEB-912900A23E75}.Debug|Any CPU.Build.0 = Debug|Any CPU
		{B1F4E1C8-ABE2-4EB1-ACEB-912900A23E75}.Release|Any CPU.ActiveCfg = Release|Any CPU
		{B1F4E1C8-ABE2-4EB1-ACEB-912900A23E75}.Release|Any CPU.Build.0 = Release|Any CPU
	EndGlobalSection
	GlobalSection(SolutionProperties) = preSolution
		HideSolutionNode = FALSE
	EndGlobalSection
	GlobalSection(ExtensibilityGlobals) = postSolution
		SolutionGuid = {C6DBD652-E799-4F39-A304-6C1D78076C89}
	EndGlobalSection
EndGlobal
